// !$*UTF8*$!
{
	archiveVersion = 1;
	classes = {
	};
	objectVersion = 46;
	objects = {

/* Begin PBXBuildFile section */
		033ACAF11B6188ED00DC8154 /* main.m in Sources */ = {isa = PBXBuildFile; fileRef = 033ACAF01B6188ED00DC8154 /* main.m */; };
		033ACAF41B6188ED00DC8154 /* AppDelegate.m in Sources */ = {isa = PBXBuildFile; fileRef = 033ACAF31B6188ED00DC8154 /* AppDelegate.m */; };
		033ACAF61B6188ED00DC8154 /* Shader.fsh in Resources */ = {isa = PBXBuildFile; fileRef = 033ACAF51B6188ED00DC8154 /* Shader.fsh */; };
		033ACAF81B6188ED00DC8154 /* Shader.vsh in Resources */ = {isa = PBXBuildFile; fileRef = 033ACAF71B6188ED00DC8154 /* Shader.vsh */; };
		033ACAFB1B6188ED00DC8154 /* RTBViewController.m in Sources */ = {isa = PBXBuildFile; fileRef = 033ACAFA1B6188ED00DC8154 /* RTBViewController.m */; };
		033ACAFE1B6188ED00DC8154 /* Main.storyboard in Resources */ = {isa = PBXBuildFile; fileRef = 033ACAFC1B6188ED00DC8154 /* Main.storyboard */; };
		033ACB001B6188ED00DC8154 /* Images.xcassets in Resources */ = {isa = PBXBuildFile; fileRef = 033ACAFF1B6188ED00DC8154 /* Images.xcassets */; };
		033ACB031B6188ED00DC8154 /* LaunchScreen.xib in Resources */ = {isa = PBXBuildFile; fileRef = 033ACB011B6188ED00DC8154 /* LaunchScreen.xib */; };
		037A136D20702ED300F272CE /* GameKit.framework in Frameworks */ = {isa = PBXBuildFile; fileRef = 037A136C20702ED300F272CE /* GameKit.framework */; };
		03D708DA206F54F10000459B /* powerup.wav in Resources */ = {isa = PBXBuildFile; fileRef = 03D708D2206F54F00000459B /* powerup.wav */; };
		03D708DB206F54F10000459B /* trains.wav in Resources */ = {isa = PBXBuildFile; fileRef = 03D708D3206F54F00000459B /* trains.wav */; };
		03D708DC206F54F10000459B /* playerdeath.wav in Resources */ = {isa = PBXBuildFile; fileRef = 03D708D4206F54F00000459B /* playerdeath.wav */; };
		03D708DD206F54F10000459B /* hit.wav in Resources */ = {isa = PBXBuildFile; fileRef = 03D708D5206F54F00000459B /* hit.wav */; };
		03D708DE206F54F10000459B /* gold.wav in Resources */ = {isa = PBXBuildFile; fileRef = 03D708D6206F54F10000459B /* gold.wav */; };
		03D708DF206F54F10000459B /* logo.wav in Resources */ = {isa = PBXBuildFile; fileRef = 03D708D7206F54F10000459B /* logo.wav */; };
		03D708E0206F54F10000459B /* enemypang02.wav in Resources */ = {isa = PBXBuildFile; fileRef = 03D708D8206F54F10000459B /* enemypang02.wav */; };
		03D708E1206F54F10000459B /* pang.wav in Resources */ = {isa = PBXBuildFile; fileRef = 03D708D9206F54F10000459B /* pang.wav */; };
		03D708E4206F5E770000459B /* RTAudioBuffer.m in Sources */ = {isa = PBXBuildFile; fileRef = 03D708E2206F5E770000459B /* RTAudioBuffer.m */; };
		03D953B122FAEA0B00585913 /* RTBDemo1.swift in Sources */ = {isa = PBXBuildFile; fileRef = 03D953B022FAEA0B00585913 /* RTBDemo1.swift */; };
		03F2184822F0477400F2376C /* RTB.swift in Sources */ = {isa = PBXBuildFile; fileRef = 03F2184722F0477400F2376C /* RTB.swift */; };
/* End PBXBuildFile section */

/* Begin PBXContainerItemProxy section */
		033ACB091B6188ED00DC8154 /* PBXContainerItemProxy */ = {
			isa = PBXContainerItemProxy;
			containerPortal = 033ACAE31B6188ED00DC8154 /* Project object */;
			proxyType = 1;
			remoteGlobalIDString = 033ACAEA1B6188ED00DC8154;
			remoteInfo = "cengine-ios";
		};
/* End PBXContainerItemProxy section */

/* Begin PBXFileReference section */
		033ACAEB1B6188ED00DC8154 /* RTB.app */ = {isa = PBXFileReference; explicitFileType = wrapper.application; includeInIndex = 0; path = RTB.app; sourceTree = BUILT_PRODUCTS_DIR; };
		033ACAEF1B6188ED00DC8154 /* Info.plist */ = {isa = PBXFileReference; lastKnownFileType = text.plist.xml; path = Info.plist; sourceTree = "<group>"; };
		033ACAF01B6188ED00DC8154 /* main.m */ = {isa = PBXFileReference; lastKnownFileType = sourcecode.c.objc; path = main.m; sourceTree = "<group>"; };
		033ACAF21B6188ED00DC8154 /* AppDelegate.h */ = {isa = PBXFileReference; lastKnownFileType = sourcecode.c.h; path = AppDelegate.h; sourceTree = "<group>"; };
		033ACAF31B6188ED00DC8154 /* AppDelegate.m */ = {isa = PBXFileReference; lastKnownFileType = sourcecode.c.objc; path = AppDelegate.m; sourceTree = "<group>"; };
		033ACAF51B6188ED00DC8154 /* Shader.fsh */ = {isa = PBXFileReference; lastKnownFileType = sourcecode.glsl; name = Shader.fsh; path = Shaders/Shader.fsh; sourceTree = "<group>"; };
		033ACAF71B6188ED00DC8154 /* Shader.vsh */ = {isa = PBXFileReference; lastKnownFileType = sourcecode.glsl; name = Shader.vsh; path = Shaders/Shader.vsh; sourceTree = "<group>"; };
		033ACAF91B6188ED00DC8154 /* RTBViewController.h */ = {isa = PBXFileReference; lastKnownFileType = sourcecode.c.h; path = RTBViewController.h; sourceTree = "<group>"; };
		033ACAFA1B6188ED00DC8154 /* RTBViewController.m */ = {isa = PBXFileReference; lastKnownFileType = sourcecode.c.objc; lineEnding = 0; path = RTBViewController.m; sourceTree = "<group>"; xcLanguageSpecificationIdentifier = xcode.lang.objc; };
		033ACAFD1B6188ED00DC8154 /* Base */ = {isa = PBXFileReference; lastKnownFileType = file.storyboard; name = Base; path = Base.lproj/Main.storyboard; sourceTree = "<group>"; };
		033ACAFF1B6188ED00DC8154 /* Images.xcassets */ = {isa = PBXFileReference; lastKnownFileType = folder.assetcatalog; path = Images.xcassets; sourceTree = "<group>"; };
		033ACB021B6188ED00DC8154 /* Base */ = {isa = PBXFileReference; lastKnownFileType = file.xib; name = Base; path = Base.lproj/LaunchScreen.xib; sourceTree = "<group>"; };
		033ACB081B6188ED00DC8154 /* RTB.xctest */ = {isa = PBXFileReference; explicitFileType = wrapper.cfbundle; includeInIndex = 0; path = RTB.xctest; sourceTree = BUILT_PRODUCTS_DIR; };
		037A136C20702ED300F272CE /* GameKit.framework */ = {isa = PBXFileReference; lastKnownFileType = wrapper.framework; name = GameKit.framework; path = System/Library/Frameworks/GameKit.framework; sourceTree = SDKROOT; };
		03D708D2206F54F00000459B /* powerup.wav */ = {isa = PBXFileReference; lastKnownFileType = audio.wav; name = powerup.wav; path = res/powerup.wav; sourceTree = "<group>"; };
		03D708D3206F54F00000459B /* trains.wav */ = {isa = PBXFileReference; lastKnownFileType = audio.wav; name = trains.wav; path = res/trains.wav; sourceTree = "<group>"; };
		03D708D4206F54F00000459B /* playerdeath.wav */ = {isa = PBXFileReference; lastKnownFileType = audio.wav; name = playerdeath.wav; path = res/playerdeath.wav; sourceTree = "<group>"; };
		03D708D5206F54F00000459B /* hit.wav */ = {isa = PBXFileReference; lastKnownFileType = audio.wav; name = hit.wav; path = res/hit.wav; sourceTree = "<group>"; };
		03D708D6206F54F10000459B /* gold.wav */ = {isa = PBXFileReference; lastKnownFileType = audio.wav; name = gold.wav; path = res/gold.wav; sourceTree = "<group>"; };
		03D708D7206F54F10000459B /* logo.wav */ = {isa = PBXFileReference; lastKnownFileType = audio.wav; name = logo.wav; path = res/logo.wav; sourceTree = "<group>"; };
		03D708D8206F54F10000459B /* enemypang02.wav */ = {isa = PBXFileReference; lastKnownFileType = audio.wav; name = enemypang02.wav; path = res/enemypang02.wav; sourceTree = "<group>"; };
		03D708D9206F54F10000459B /* pang.wav */ = {isa = PBXFileReference; lastKnownFileType = audio.wav; name = pang.wav; path = res/pang.wav; sourceTree = "<group>"; };
		03D708E2206F5E770000459B /* RTAudioBuffer.m */ = {isa = PBXFileReference; fileEncoding = 4; lastKnownFileType = sourcecode.c.objc; name = RTAudioBuffer.m; path = "cengine-ios/RTAudioBuffer.m"; sourceTree = SOURCE_ROOT; };
		03D708E3206F5E770000459B /* RTAudioBuffer.h */ = {isa = PBXFileReference; fileEncoding = 4; lastKnownFileType = sourcecode.c.h; name = RTAudioBuffer.h; path = "cengine-ios/RTAudioBuffer.h"; sourceTree = SOURCE_ROOT; };
		03D953B022FAEA0B00585913 /* RTBDemo1.swift */ = {isa = PBXFileReference; lastKnownFileType = sourcecode.swift; path = RTBDemo1.swift; sourceTree = "<group>"; };
		03F2184622F0477400F2376C /* RTB-Bridging-Header.h */ = {isa = PBXFileReference; lastKnownFileType = sourcecode.c.h; path = "RTB-Bridging-Header.h"; sourceTree = "<group>"; };
		03F2184722F0477400F2376C /* RTB.swift */ = {isa = PBXFileReference; lastKnownFileType = sourcecode.swift; path = RTB.swift; sourceTree = "<group>"; };
/* End PBXFileReference section */

/* Begin PBXFrameworksBuildPhase section */
		033ACAE81B6188ED00DC8154 /* Frameworks */ = {
			isa = PBXFrameworksBuildPhase;
			buildActionMask = 2147483647;
			files = (
				037A136D20702ED300F272CE /* GameKit.framework in Frameworks */,
			);
			runOnlyForDeploymentPostprocessing = 0;
		};
		033ACB051B6188ED00DC8154 /* Frameworks */ = {
			isa = PBXFrameworksBuildPhase;
			buildActionMask = 2147483647;
			files = (
			);
			runOnlyForDeploymentPostprocessing = 0;
		};
/* End PBXFrameworksBuildPhase section */

/* Begin PBXGroup section */
		033ACAE21B6188ED00DC8154 = {
			isa = PBXGroup;
			children = (
				033ACAED1B6188ED00DC8154 /* vlk-ios */,
				033ACAEC1B6188ED00DC8154 /* Products */,
				0341A24D1B6390D900D3E264 /* res */,
				037A136B20702ED300F272CE /* Frameworks */,
			);
			sourceTree = "<group>";
		};
		033ACAEC1B6188ED00DC8154 /* Products */ = {
			isa = PBXGroup;
			children = (
				033ACAEB1B6188ED00DC8154 /* RTB.app */,
				033ACB081B6188ED00DC8154 /* RTB.xctest */,
			);
			name = Products;
			sourceTree = "<group>";
		};
		033ACAED1B6188ED00DC8154 /* vlk-ios */ = {
			isa = PBXGroup;
			children = (
				033ACAF21B6188ED00DC8154 /* AppDelegate.h */,
				033ACAF31B6188ED00DC8154 /* AppDelegate.m */,
				03D708E3206F5E770000459B /* RTAudioBuffer.h */,
				03D708E2206F5E770000459B /* RTAudioBuffer.m */,
				033ACAF51B6188ED00DC8154 /* Shader.fsh */,
				033ACAF71B6188ED00DC8154 /* Shader.vsh */,
				033ACAF91B6188ED00DC8154 /* RTBViewController.h */,
				033ACAFA1B6188ED00DC8154 /* RTBViewController.m */,
				033ACAFC1B6188ED00DC8154 /* Main.storyboard */,
				033ACAFF1B6188ED00DC8154 /* Images.xcassets */,
				033ACB011B6188ED00DC8154 /* LaunchScreen.xib */,
				033ACAEE1B6188ED00DC8154 /* Supporting Files */,
				03F2184722F0477400F2376C /* RTB.swift */,
				03F2184622F0477400F2376C /* RTB-Bridging-Header.h */,
				03D953B022FAEA0B00585913 /* RTBDemo1.swift */,
			);
			name = "vlk-ios";
			path = "cengine-ios";
			sourceTree = "<group>";
		};
		033ACAEE1B6188ED00DC8154 /* Supporting Files */ = {
			isa = PBXGroup;
			children = (
				033ACAEF1B6188ED00DC8154 /* Info.plist */,
				033ACAF01B6188ED00DC8154 /* main.m */,
			);
			name = "Supporting Files";
			sourceTree = "<group>";
		};
		0341A24D1B6390D900D3E264 /* res */ = {
			isa = PBXGroup;
			children = (
				03D708D8206F54F10000459B /* enemypang02.wav */,
				03D708D6206F54F10000459B /* gold.wav */,
				03D708D5206F54F00000459B /* hit.wav */,
				03D708D7206F54F10000459B /* logo.wav */,
				03D708D9206F54F10000459B /* pang.wav */,
				03D708D4206F54F00000459B /* playerdeath.wav */,
				03D708D2206F54F00000459B /* powerup.wav */,
				03D708D3206F54F00000459B /* trains.wav */,
			);
			name = res;
			path = "cengine-ios";
			sourceTree = "<group>";
		};
		037A136B20702ED300F272CE /* Frameworks */ = {
			isa = PBXGroup;
			children = (
				037A136C20702ED300F272CE /* GameKit.framework */,
			);
			name = Frameworks;
			sourceTree = "<group>";
		};
/* End PBXGroup section */

/* Begin PBXNativeTarget section */
		033ACAEA1B6188ED00DC8154 /* RTB */ = {
			isa = PBXNativeTarget;
			buildConfigurationList = 033ACB121B6188ED00DC8154 /* Build configuration list for PBXNativeTarget "RTB" */;
			buildPhases = (
				033ACAE71B6188ED00DC8154 /* Sources */,
				033ACAE81B6188ED00DC8154 /* Frameworks */,
				033ACAE91B6188ED00DC8154 /* Resources */,
			);
			buildRules = (
			);
			dependencies = (
			);
			name = RTB;
			productName = "cengine-ios";
			productReference = 033ACAEB1B6188ED00DC8154 /* RTB.app */;
			productType = "com.apple.product-type.application";
		};
		033ACB071B6188ED00DC8154 /* RTBTests */ = {
			isa = PBXNativeTarget;
			buildConfigurationList = 033ACB151B6188ED00DC8154 /* Build configuration list for PBXNativeTarget "RTBTests" */;
			buildPhases = (
				033ACB041B6188ED00DC8154 /* Sources */,
				033ACB051B6188ED00DC8154 /* Frameworks */,
				033ACB061B6188ED00DC8154 /* Resources */,
			);
			buildRules = (
			);
			dependencies = (
				033ACB0A1B6188ED00DC8154 /* PBXTargetDependency */,
			);
			name = RTBTests;
			productName = "cengine-iosTests";
			productReference = 033ACB081B6188ED00DC8154 /* RTB.xctest */;
			productType = "com.apple.product-type.bundle.unit-test";
		};
/* End PBXNativeTarget section */

/* Begin PBXProject section */
		033ACAE31B6188ED00DC8154 /* Project object */ = {
			isa = PBXProject;
			attributes = {
				LastUpgradeCheck = 1120;
				ORGANIZATIONNAME = "Harry Lundstrom";
				TargetAttributes = {
					033ACAEA1B6188ED00DC8154 = {
						CreatedOnToolsVersion = 6.3.2;
						DevelopmentTeam = QM9YTQA8XQ;
						LastSwiftMigration = 1120;
						ProvisioningStyle = Automatic;
						SystemCapabilities = {
							com.apple.GameCenter = {
								enabled = 1;
							};
						};
					};
					033ACB071B6188ED00DC8154 = {
						CreatedOnToolsVersion = 6.3.2;
						TestTargetID = 033ACAEA1B6188ED00DC8154;
					};
				};
			};
			buildConfigurationList = 033ACAE61B6188ED00DC8154 /* Build configuration list for PBXProject "RTB" */;
			compatibilityVersion = "Xcode 3.2";
			developmentRegion = en;
			hasScannedForEncodings = 0;
			knownRegions = (
				en,
				Base,
			);
			mainGroup = 033ACAE21B6188ED00DC8154;
			productRefGroup = 033ACAEC1B6188ED00DC8154 /* Products */;
			projectDirPath = "";
			projectRoot = "";
			targets = (
				033ACAEA1B6188ED00DC8154 /* RTB */,
				033ACB071B6188ED00DC8154 /* RTBTests */,
			);
		};
/* End PBXProject section */

/* Begin PBXResourcesBuildPhase section */
		033ACAE91B6188ED00DC8154 /* Resources */ = {
			isa = PBXResourcesBuildPhase;
			buildActionMask = 2147483647;
			files = (
				03D708E1206F54F10000459B /* pang.wav in Resources */,
				03D708DA206F54F10000459B /* powerup.wav in Resources */,
				033ACB031B6188ED00DC8154 /* LaunchScreen.xib in Resources */,
				03D708DD206F54F10000459B /* hit.wav in Resources */,
				033ACAFE1B6188ED00DC8154 /* Main.storyboard in Resources */,
				033ACB001B6188ED00DC8154 /* Images.xcassets in Resources */,
				03D708DE206F54F10000459B /* gold.wav in Resources */,
				033ACAF81B6188ED00DC8154 /* Shader.vsh in Resources */,
				033ACAF61B6188ED00DC8154 /* Shader.fsh in Resources */,
				03D708DF206F54F10000459B /* logo.wav in Resources */,
				03D708DB206F54F10000459B /* trains.wav in Resources */,
				03D708E0206F54F10000459B /* enemypang02.wav in Resources */,
				03D708DC206F54F10000459B /* playerdeath.wav in Resources */,
			);
			runOnlyForDeploymentPostprocessing = 0;
		};
		033ACB061B6188ED00DC8154 /* Resources */ = {
			isa = PBXResourcesBuildPhase;
			buildActionMask = 2147483647;
			files = (
			);
			runOnlyForDeploymentPostprocessing = 0;
		};
/* End PBXResourcesBuildPhase section */

/* Begin PBXSourcesBuildPhase section */
		033ACAE71B6188ED00DC8154 /* Sources */ = {
			isa = PBXSourcesBuildPhase;
			buildActionMask = 2147483647;
			files = (
				03D708E4206F5E770000459B /* RTAudioBuffer.m in Sources */,
				033ACAF41B6188ED00DC8154 /* AppDelegate.m in Sources */,
				033ACAFB1B6188ED00DC8154 /* RTBViewController.m in Sources */,
				033ACAF11B6188ED00DC8154 /* main.m in Sources */,
				03F2184822F0477400F2376C /* RTB.swift in Sources */,
				03D953B122FAEA0B00585913 /* RTBDemo1.swift in Sources */,
			);
			runOnlyForDeploymentPostprocessing = 0;
		};
		033ACB041B6188ED00DC8154 /* Sources */ = {
			isa = PBXSourcesBuildPhase;
			buildActionMask = 2147483647;
			files = (
			);
			runOnlyForDeploymentPostprocessing = 0;
		};
/* End PBXSourcesBuildPhase section */

/* Begin PBXTargetDependency section */
		033ACB0A1B6188ED00DC8154 /* PBXTargetDependency */ = {
			isa = PBXTargetDependency;
			target = 033ACAEA1B6188ED00DC8154 /* RTB */;
			targetProxy = 033ACB091B6188ED00DC8154 /* PBXContainerItemProxy */;
		};
/* End PBXTargetDependency section */

/* Begin PBXVariantGroup section */
		033ACAFC1B6188ED00DC8154 /* Main.storyboard */ = {
			isa = PBXVariantGroup;
			children = (
				033ACAFD1B6188ED00DC8154 /* Base */,
			);
			name = Main.storyboard;
			sourceTree = "<group>";
		};
		033ACB011B6188ED00DC8154 /* LaunchScreen.xib */ = {
			isa = PBXVariantGroup;
			children = (
				033ACB021B6188ED00DC8154 /* Base */,
			);
			name = LaunchScreen.xib;
			sourceTree = "<group>";
		};
/* End PBXVariantGroup section */

/* Begin XCBuildConfiguration section */
		033ACB101B6188ED00DC8154 /* Debug */ = {
			isa = XCBuildConfiguration;
			buildSettings = {
				ALWAYS_SEARCH_USER_PATHS = NO;
				CLANG_ANALYZER_LOCALIZABILITY_NONLOCALIZED = YES;
				CLANG_CXX_LANGUAGE_STANDARD = "gnu++0x";
				CLANG_CXX_LIBRARY = "libc++";
				CLANG_ENABLE_MODULES = YES;
				CLANG_ENABLE_OBJC_ARC = YES;
				CLANG_WARN_BLOCK_CAPTURE_AUTORELEASING = YES;
				CLANG_WARN_BOOL_CONVERSION = YES;
				CLANG_WARN_COMMA = YES;
				CLANG_WARN_CONSTANT_CONVERSION = YES;
				CLANG_WARN_DEPRECATED_OBJC_IMPLEMENTATIONS = YES;
				CLANG_WARN_DIRECT_OBJC_ISA_USAGE = YES_ERROR;
				CLANG_WARN_EMPTY_BODY = YES;
				CLANG_WARN_ENUM_CONVERSION = YES;
				CLANG_WARN_INFINITE_RECURSION = YES;
				CLANG_WARN_INT_CONVERSION = YES;
				CLANG_WARN_NON_LITERAL_NULL_CONVERSION = YES;
				CLANG_WARN_OBJC_IMPLICIT_RETAIN_SELF = YES;
				CLANG_WARN_OBJC_LITERAL_CONVERSION = YES;
				CLANG_WARN_OBJC_ROOT_CLASS = YES_ERROR;
				CLANG_WARN_RANGE_LOOP_ANALYSIS = YES;
				CLANG_WARN_STRICT_PROTOTYPES = YES;
				CLANG_WARN_SUSPICIOUS_MOVE = YES;
				CLANG_WARN_UNREACHABLE_CODE = YES;
				CLANG_WARN__DUPLICATE_METHOD_MATCH = YES;
				"CODE_SIGN_IDENTITY[sdk=iphoneos*]" = "iPhone Developer";
				COPY_PHASE_STRIP = NO;
				DEBUG_INFORMATION_FORMAT = "dwarf-with-dsym";
				ENABLE_STRICT_OBJC_MSGSEND = YES;
				ENABLE_TESTABILITY = YES;
				GCC_C_LANGUAGE_STANDARD = c99;
				GCC_DYNAMIC_NO_PIC = NO;
				GCC_NO_COMMON_BLOCKS = YES;
				GCC_OPTIMIZATION_LEVEL = 0;
				GCC_PREPROCESSOR_DEFINITIONS = (
					"DEBUG=1",
					"$(inherited)",
				);
				GCC_SYMBOLS_PRIVATE_EXTERN = NO;
				GCC_WARN_64_TO_32_BIT_CONVERSION = YES;
				GCC_WARN_ABOUT_RETURN_TYPE = YES_ERROR;
				GCC_WARN_UNDECLARED_SELECTOR = YES;
				GCC_WARN_UNINITIALIZED_AUTOS = YES_AGGRESSIVE;
				GCC_WARN_UNUSED_FUNCTION = YES;
				GCC_WARN_UNUSED_VARIABLE = YES;
				IPHONEOS_DEPLOYMENT_TARGET = 8.3;
				MTL_ENABLE_DEBUG_INFO = YES;
				ONLY_ACTIVE_ARCH = YES;
				SDKROOT = iphoneos;
				TARGETED_DEVICE_FAMILY = "1,2";
			};
			name = Debug;
		};
		033ACB111B6188ED00DC8154 /* Release */ = {
			isa = XCBuildConfiguration;
			buildSettings = {
				ALWAYS_SEARCH_USER_PATHS = NO;
				CLANG_ANALYZER_LOCALIZABILITY_NONLOCALIZED = YES;
				CLANG_CXX_LANGUAGE_STANDARD = "gnu++0x";
				CLANG_CXX_LIBRARY = "libc++";
				CLANG_ENABLE_MODULES = YES;
				CLANG_ENABLE_OBJC_ARC = YES;
				CLANG_WARN_BLOCK_CAPTURE_AUTORELEASING = YES;
				CLANG_WARN_BOOL_CONVERSION = YES;
				CLANG_WARN_COMMA = YES;
				CLANG_WARN_CONSTANT_CONVERSION = YES;
				CLANG_WARN_DEPRECATED_OBJC_IMPLEMENTATIONS = YES;
				CLANG_WARN_DIRECT_OBJC_ISA_USAGE = YES_ERROR;
				CLANG_WARN_EMPTY_BODY = YES;
				CLANG_WARN_ENUM_CONVERSION = YES;
				CLANG_WARN_INFINITE_RECURSION = YES;
				CLANG_WARN_INT_CONVERSION = YES;
				CLANG_WARN_NON_LITERAL_NULL_CONVERSION = YES;
				CLANG_WARN_OBJC_IMPLICIT_RETAIN_SELF = YES;
				CLANG_WARN_OBJC_LITERAL_CONVERSION = YES;
				CLANG_WARN_OBJC_ROOT_CLASS = YES_ERROR;
				CLANG_WARN_RANGE_LOOP_ANALYSIS = YES;
				CLANG_WARN_STRICT_PROTOTYPES = YES;
				CLANG_WARN_SUSPICIOUS_MOVE = YES;
				CLANG_WARN_UNREACHABLE_CODE = YES;
				CLANG_WARN__DUPLICATE_METHOD_MATCH = YES;
				"CODE_SIGN_IDENTITY[sdk=iphoneos*]" = "iPhone Developer";
				COPY_PHASE_STRIP = NO;
				DEBUG_INFORMATION_FORMAT = "dwarf-with-dsym";
				ENABLE_NS_ASSERTIONS = NO;
				ENABLE_STRICT_OBJC_MSGSEND = YES;
				GCC_C_LANGUAGE_STANDARD = c99;
				GCC_NO_COMMON_BLOCKS = YES;
				GCC_WARN_64_TO_32_BIT_CONVERSION = YES;
				GCC_WARN_ABOUT_RETURN_TYPE = YES_ERROR;
				GCC_WARN_UNDECLARED_SELECTOR = YES;
				GCC_WARN_UNINITIALIZED_AUTOS = YES_AGGRESSIVE;
				GCC_WARN_UNUSED_FUNCTION = YES;
				GCC_WARN_UNUSED_VARIABLE = YES;
				IPHONEOS_DEPLOYMENT_TARGET = 8.3;
				MTL_ENABLE_DEBUG_INFO = NO;
				SDKROOT = iphoneos;
				SWIFT_COMPILATION_MODE = wholemodule;
				TARGETED_DEVICE_FAMILY = "1,2";
				VALIDATE_PRODUCT = YES;
			};
			name = Release;
		};
		033ACB131B6188ED00DC8154 /* Debug */ = {
			isa = XCBuildConfiguration;
			buildSettings = {
				ASSETCATALOG_COMPILER_APPICON_NAME = AppIcon;
				CLANG_ENABLE_MODULES = YES;
				CODE_SIGN_IDENTITY = "iPhone Developer";
				CODE_SIGN_STYLE = Automatic;
				DEFINES_MODULE = YES;
				DEVELOPMENT_TEAM = QM9YTQA8XQ;
				INFOPLIST_FILE = "cengine-ios/Info.plist";
				IPHONEOS_DEPLOYMENT_TARGET = 8.0;
				LD_RUNPATH_SEARCH_PATHS = "$(inherited) @executable_path/Frameworks";
				PRODUCT_BUNDLE_IDENTIFIER = "com.harrylundstrom.-";
				PRODUCT_NAME = RTB;
				PROVISIONING_PROFILE = "";
				PROVISIONING_PROFILE_SPECIFIER = "";
				SWIFT_OBJC_BRIDGING_HEADER = "cengine-ios/RTB-Bridging-Header.h";
				SWIFT_OPTIMIZATION_LEVEL = "-Onone";
				SWIFT_VERSION = 5.0;
				TARGETED_DEVICE_FAMILY = "1,2";
			};
			name = Debug;
		};
		033ACB141B6188ED00DC8154 /* Release */ = {
			isa = XCBuildConfiguration;
			buildSettings = {
				ASSETCATALOG_COMPILER_APPICON_NAME = AppIcon;
				CLANG_ENABLE_MODULES = YES;
				CODE_SIGN_IDENTITY = "iPhone Developer";
				"CODE_SIGN_IDENTITY[sdk=iphoneos*]" = "iPhone Distribution";
				CODE_SIGN_STYLE = Automatic;
				DEFINES_MODULE = YES;
				DEVELOPMENT_TEAM = QM9YTQA8XQ;
				INFOPLIST_FILE = "cengine-ios/Info.plist";
				IPHONEOS_DEPLOYMENT_TARGET = 8.0;
				LD_RUNPATH_SEARCH_PATHS = "$(inherited) @executable_path/Frameworks";
				PRODUCT_BUNDLE_IDENTIFIER = "com.harrylundstrom.-";
				PRODUCT_NAME = RTB;
				PROVISIONING_PROFILE = "";
				PROVISIONING_PROFILE_SPECIFIER = "";
				SWIFT_OBJC_BRIDGING_HEADER = "cengine-ios/RTB-Bridging-Header.h";
				SWIFT_VERSION = 5.0;
				TARGETED_DEVICE_FAMILY = "1,2";
			};
			name = Release;
		};
		033ACB161B6188ED00DC8154 /* Debug */ = {
			isa = XCBuildConfiguration;
			buildSettings = {
				ALWAYS_EMBED_SWIFT_STANDARD_LIBRARIES = YES;
				BUNDLE_LOADER = "$(TEST_HOST)";
				FRAMEWORK_SEARCH_PATHS = (
					"$(SDKROOT)/Developer/Library/Frameworks",
					"$(inherited)",
				);
				GCC_PREPROCESSOR_DEFINITIONS = (
					"DEBUG=1",
					"$(inherited)",
				);
				INFOPLIST_FILE = "cengine-iosTests/Info.plist";
				LD_RUNPATH_SEARCH_PATHS = "$(inherited) @executable_path/Frameworks @loader_path/Frameworks";
				PRODUCT_NAME = RTB;
				TEST_HOST = "$(BUILT_PRODUCTS_DIR)/RTB.app/RTB";
			};
			name = Debug;
		};
		033ACB171B6188ED00DC8154 /* Release */ = {
			isa = XCBuildConfiguration;
			buildSettings = {
				ALWAYS_EMBED_SWIFT_STANDARD_LIBRARIES = YES;
				BUNDLE_LOADER = "$(TEST_HOST)";
				FRAMEWORK_SEARCH_PATHS = (
					"$(SDKROOT)/Developer/Library/Frameworks",
					"$(inherited)",
				);
				INFOPLIST_FILE = "cengine-iosTests/Info.plist";
				LD_RUNPATH_SEARCH_PATHS = "$(inherited) @executable_path/Frameworks @loader_path/Frameworks";
				PRODUCT_NAME = RTB;
				TEST_HOST = "$(BUILT_PRODUCTS_DIR)/RTB.app/RTB";
			};
			name = Release;
		};
/* End XCBuildConfiguration section */

/* Begin XCConfigurationList section */
		033ACAE61B6188ED00DC8154 /* Build configuration list for PBXProject "RTB" */ = {
			isa = XCConfigurationList;
			buildConfigurations = (
				033ACB101B6188ED00DC8154 /* Debug */,
				033ACB111B6188ED00DC8154 /* Release */,
			);
			defaultConfigurationIsVisible = 0;
			defaultConfigurationName = Release;
		};
		033ACB121B6188ED00DC8154 /* Build configuration list for PBXNativeTarget "RTB" */ = {
			isa = XCConfigurationList;
			buildConfigurations = (
				033ACB131B6188ED00DC8154 /* Debug */,
				033ACB141B6188ED00DC8154 /* Release */,
			);
			defaultConfigurationIsVisible = 0;
			defaultConfigurationName = Release;
		};
		033ACB151B6188ED00DC8154 /* Build configuration list for PBXNativeTarget "RTBTests" */ = {
			isa = XCConfigurationList;
			buildConfigurations = (
				033ACB161B6188ED00DC8154 /* Debug */,
				033ACB171B6188ED00DC8154 /* Release */,
			);
			defaultConfigurationIsVisible = 0;
			defaultConfigurationName = Release;
		};
/* End XCConfigurationList section */
	};
	rootObject = 033ACAE31B6188ED00DC8154 /* Project object */;
}
